
Microsoft Visual Studio Solution File, Format Version 12.00
# Visual Studio Version 16
VisualStudioVersion = 16.0.32929.386
MinimumVisualStudioVersion = 10.0.40219.1
Project("{FAE04EC0-301F-11D3-BF4B-00C04F79EFBC}") = "ders lab", "ders lab\ders lab.csproj", "{31BAC558-DC0F-471C-9B68-9431DEA7C3FE}"
EndProject
Global
	GlobalSection(SolutionConfigurationPlatforms) = preSolution
		Debug|Any CPU = Debug|Any CPU
		Release|Any CPU = Release|Any CPU
	EndGlobalSection
	GlobalSection(ProjectConfigurationPlatforms) = postSolution
		{31BAC558-DC0F-471C-9B68-9431DEA7C3FE}.Debug|Any CPU.ActiveCfg = Debug|Any CPU
		{31BAC558-DC0F-471C-9B68-9431DEA7C3FE}.Debug|Any CPU.Build.0 = Debug|Any CPU
		{31BAC558-DC0F-471C-9B68-9431DEA7C3FE}.Release|Any CPU.ActiveCfg = Release|Any CPU
		{31BAC558-DC0F-471C-9B68-9431DEA7C3FE}.Release|Any CPU.Build.0 = Release|Any CPU
	EndGlobalSection
	GlobalSection(SolutionProperties) = preSolution
		HideSolutionNode = FALSE
	EndGlobalSection
	GlobalSection(ExtensibilityGlobals) = postSolution
		SolutionGuid = {9515291F-FD59-4D05-85E7-FA616042CE06}
	EndGlobalSection
EndGlobal
